# This file is generated by ESP-IDF Component Manager. It is committed to the
# repository so that builds are reproducible without contacting the registry.
#
# Run `idf.py reconfigure` (or `compote manifest update`) once after the first
# clone to populate this file from main/idf_component.yml. Until then, this
# placeholder keeps the repo layout self-explanatory.
dependencies: {}
manifest_hash: ""
target: esp32
version: 2.0.0
